<?xml version="1.0" encoding="utf-8"?>
<Project ToolsVersion="4.0" xmlns="http://schemas.microsoft.com/developer/msbuild/2003">
  <ItemGroup>
    <Filter Include="소스 파일">
      <UniqueIdentifier>{4FC737F1-C7A5-4376-A066-2A32D752A2FF}</UniqueIdentifier>
      <Extensions>cpp;c;cc;cxx;def;odl;idl;hpj;bat;asm;asmx</Extensions>
    </Filter>
    <Filter Include="헤더 파일">
      <UniqueIdentifier>{93995380-89BD-4b04-88EB-625FBE52EBFB}</UniqueIdentifier>
      <Extensions>h;hpp;hxx;hm;inl;inc;xsd</Extensions>
    </Filter>
    <Filter Include="리소스 파일">
      <UniqueIdentifier>{67DA6AB6-F800-4c08-8B7A-83BB121AAD01}</UniqueIdentifier>
      <Extensions>rc;ico;cur;bmp;dlg;rc2;rct;bin;rgs;gif;jpg;jpeg;jpe;resx;tiff;tif;png;wav;mfcribbon-ms</Extensions>
    </Filter>
    <Filter Include="소스 파일\API">
      <UniqueIdentifier>{59018a77-68e3-4d15-93cf-733638f3c07b}</UniqueIdentifier>
    </Filter>
    <Filter Include="소스 파일\Index">
      <UniqueIdentifier>{17494670-2f0b-4fc4-b4a3-2dfe7d93bbac}</UniqueIdentifier>
    </Filter>
    <Filter Include="소스 파일\Fomular">
      <UniqueIdentifier>{f4e78bd1-72bc-4713-b018-3c50ad4e9e51}</UniqueIdentifier>
    </Filter>
    <Filter Include="소스 파일\Util">
      <UniqueIdentifier>{a7ac289a-686d-47e9-86d7-2c9f5e68f775}</UniqueIdentifier>
    </Filter>
  </ItemGroup>
  <ItemGroup>
    <ClCompile Include="Finvest_API.cpp">
      <Filter>소스 파일</Filter>
    </ClCompile>
    <ClCompile Include="DBHelper.cpp">
      <Filter>소스 파일\API</Filter>
    </ClCompile>
    <ClCompile Include="SQLManager.cpp">
      <Filter>소스 파일\Util</Filter>
    </ClCompile>
    <ClCompile Include="StockIndex.cpp">
      <Filter>소스 파일\Index</Filter>
    </ClCompile>
    <ClCompile Include="DBUpdate.cpp">
      <Filter>소스 파일\API</Filter>
    </ClCompile>
    <ClCompile Include="IndexFomula.cpp">
      <Filter>소스 파일\Fomular</Filter>
    </ClCompile>
    <ClCompile Include="DBAccess.cpp">
      <Filter>소스 파일\API</Filter>
    </ClCompile>
  </ItemGroup>
  <ItemGroup>
    <ClInclude Include="DBHelper.h">
      <Filter>헤더 파일</Filter>
    </ClInclude>
    <ClInclude Include="SQLManager.h">
      <Filter>헤더 파일</Filter>
    </ClInclude>
    <ClInclude Include="StockIndex.h">
      <Filter>헤더 파일</Filter>
    </ClInclude>
    <ClInclude Include="Stock.h">
      <Filter>헤더 파일</Filter>
    </ClInclude>
    <ClInclude Include="IndexFomula.h">
      <Filter>헤더 파일</Filter>
    </ClInclude>
    <ClInclude Include="DBAccess.h">
      <Filter>헤더 파일</Filter>
    </ClInclude>
  </ItemGroup>
</Project>